
Microsoft Visual Studio Solution File, Format Version 12.00
# Visual Studio Version 16
VisualStudioVersion = 16.0.30804.86
MinimumVisualStudioVersion = 10.0.40219.1
Project("{9A19103F-16F7-4668-BE54-9A1E7A4F7556}") = "Training Facility", "Training Facility.csproj", "{557FFB34-D75E-41F1-B28D-1EC83744F554}"
EndProject
Global
	GlobalSection(SolutionConfigurationPlatforms) = preSolution
		Debug|Any CPU = Debug|Any CPU
		Release|Any CPU = Release|Any CPU
	EndGlobalSection
	GlobalSection(ProjectConfigurationPlatforms) = postSolution
		{557FFB34-D75E-41F1-B28D-1EC83744F554}.Debug|Any CPU.ActiveCfg = Debug|Any CPU
		{557FFB34-D75E-41F1-B28D-1EC83744F554}.Debug|Any CPU.Build.0 = Debug|Any CPU
		{557FFB34-D75E-41F1-B28D-1EC83744F554}.Release|Any CPU.ActiveCfg = Release|Any CPU
		{557FFB34-D75E-41F1-B28D-1EC83744F554}.Release|Any CPU.Build.0 = Release|Any CPU
	EndGlobalSection
	GlobalSection(SolutionProperties) = preSolution
		HideSolutionNode = FALSE
	EndGlobalSection
	GlobalSection(ExtensibilityGlobals) = postSolution
		SolutionGuid = {29AF16B7-EA91-4E53-A751-3BCA5E3ACB87}
	EndGlobalSection
EndGlobal
