
Microsoft Visual Studio Solution File, Format Version 12.00
# Visual Studio Version 16
VisualStudioVersion = 16.0.30804.86
MinimumVisualStudioVersion = 10.0.40219.1
Project("{FAE04EC0-301F-11D3-BF4B-00C04F79EFBC}") = "Validation", "Validation.csproj", "{3A8237E0-2CAF-4C84-80E8-564A8ACD421D}"
EndProject
Global
	GlobalSection(SolutionConfigurationPlatforms) = preSolution
		Debug|Any CPU = Debug|Any CPU
		Release|Any CPU = Release|Any CPU
	EndGlobalSection
	GlobalSection(ProjectConfigurationPlatforms) = postSolution
		{3A8237E0-2CAF-4C84-80E8-564A8ACD421D}.Debug|Any CPU.ActiveCfg = Debug|Any CPU
		{3A8237E0-2CAF-4C84-80E8-564A8ACD421D}.Debug|Any CPU.Build.0 = Debug|Any CPU
		{3A8237E0-2CAF-4C84-80E8-564A8ACD421D}.Release|Any CPU.ActiveCfg = Release|Any CPU
		{3A8237E0-2CAF-4C84-80E8-564A8ACD421D}.Release|Any CPU.Build.0 = Release|Any CPU
	EndGlobalSection
	GlobalSection(SolutionProperties) = preSolution
		HideSolutionNode = FALSE
	EndGlobalSection
	GlobalSection(ExtensibilityGlobals) = postSolution
		SolutionGuid = {C4B7FF79-504D-4358-8BA1-818BCE2A4F41}
	EndGlobalSection
EndGlobal
